
Microsoft Visual Studio Solution File, Format Version 12.00
# Visual Studio 15
VisualStudioVersion = 15.0.28010.2003
MinimumVisualStudioVersion = 10.0.40219.1
Project("{FAE04EC0-301F-11D3-BF4B-00C04F79EFBC}") = "Segfy-HandsOn", "Segfy-HandsOn\Segfy-HandsOn.csproj", "{3A052F4D-7942-42E1-AA85-54531258230D}"
EndProject
Global
	GlobalSection(SolutionConfigurationPlatforms) = preSolution
		Debug|Any CPU = Debug|Any CPU
		Release|Any CPU = Release|Any CPU
	EndGlobalSection
	GlobalSection(ProjectConfigurationPlatforms) = postSolution
		{3A052F4D-7942-42E1-AA85-54531258230D}.Debug|Any CPU.ActiveCfg = Debug|Any CPU
		{3A052F4D-7942-42E1-AA85-54531258230D}.Debug|Any CPU.Build.0 = Debug|Any CPU
		{3A052F4D-7942-42E1-AA85-54531258230D}.Release|Any CPU.ActiveCfg = Release|Any CPU
		{3A052F4D-7942-42E1-AA85-54531258230D}.Release|Any CPU.Build.0 = Release|Any CPU
	EndGlobalSection
	GlobalSection(SolutionProperties) = preSolution
		HideSolutionNode = FALSE
	EndGlobalSection
	GlobalSection(ExtensibilityGlobals) = postSolution
		SolutionGuid = {2E0890EA-44EB-4B5F-9BA2-BC35C4BA3B35}
	EndGlobalSection
EndGlobal
